
Microsoft Visual Studio Solution File, Format Version 11.00
# Visual Studio 2010
Project("{8BC9CEB8-8B4A-11D0-8D11-00A0C91BC942}") = "p1", "p1\p1.vcxproj", "{0A9C203A-9D81-4B00-A042-F385FB0181FB}"
EndProject
Global
	GlobalSection(SolutionConfigurationPlatforms) = preSolution
		Debug|Win32 = Debug|Win32
		Release|Win32 = Release|Win32
	EndGlobalSection
	GlobalSection(ProjectConfigurationPlatforms) = postSolution
		{0A9C203A-9D81-4B00-A042-F385FB0181FB}.Debug|Win32.ActiveCfg = Debug|Win32
		{0A9C203A-9D81-4B00-A042-F385FB0181FB}.Debug|Win32.Build.0 = Debug|Win32
		{0A9C203A-9D81-4B00-A042-F385FB0181FB}.Release|Win32.ActiveCfg = Release|Win32
		{0A9C203A-9D81-4B00-A042-F385FB0181FB}.Release|Win32.Build.0 = Release|Win32
	EndGlobalSection
	GlobalSection(SolutionProperties) = preSolution
		HideSolutionNode = FALSE
	EndGlobalSection
EndGlobal
